
Microsoft Visual Studio Solution File, Format Version 12.00
# Visual Studio 15
VisualStudioVersion = 15.0.28307.271
MinimumVisualStudioVersion = 10.0.40219.1
Project("{FAE04EC0-301F-11D3-BF4B-00C04F79EFBC}") = "HelloRevit", "HelloRevit\HelloRevit.csproj", "{F0C185DB-A68C-435A-B825-63AFEE434EFA}"
EndProject
Project("{FAE04EC0-301F-11D3-BF4B-00C04F79EFBC}") = "Parameter", "Parameter\Parameter.csproj", "{B748E4FE-DF81-4E9C-A5DC-EC24884F1DE2}"
EndProject
Project("{FAE04EC0-301F-11D3-BF4B-00C04F79EFBC}") = "FiltersPractise", "FiltersPractise\FiltersPractise.csproj", "{1BB3EF69-0CBB-4913-987B-0C2168A5CABF}"
EndProject
Project("{FAE04EC0-301F-11D3-BF4B-00C04F79EFBC}") = "Collision", "Collision\Collision.csproj", "{DFE703D1-396E-4ECD-AD83-A1706AFFBB2C}"
EndProject
Project("{FAE04EC0-301F-11D3-BF4B-00C04F79EFBC}") = "RailingCreat", "RailingCreat\RailingCreat.csproj", "{52D55B10-95E1-4ACC-8B83-89FE978DB04C}"
EndProject
Global
	GlobalSection(SolutionConfigurationPlatforms) = preSolution
		Debug|Any CPU = Debug|Any CPU
		Release|Any CPU = Release|Any CPU
	EndGlobalSection
	GlobalSection(ProjectConfigurationPlatforms) = postSolution
		{F0C185DB-A68C-435A-B825-63AFEE434EFA}.Debug|Any CPU.ActiveCfg = Debug|Any CPU
		{F0C185DB-A68C-435A-B825-63AFEE434EFA}.Debug|Any CPU.Build.0 = Debug|Any CPU
		{F0C185DB-A68C-435A-B825-63AFEE434EFA}.Release|Any CPU.ActiveCfg = Release|Any CPU
		{F0C185DB-A68C-435A-B825-63AFEE434EFA}.Release|Any CPU.Build.0 = Release|Any CPU
		{B748E4FE-DF81-4E9C-A5DC-EC24884F1DE2}.Debug|Any CPU.ActiveCfg = Debug|Any CPU
		{B748E4FE-DF81-4E9C-A5DC-EC24884F1DE2}.Debug|Any CPU.Build.0 = Debug|Any CPU
		{B748E4FE-DF81-4E9C-A5DC-EC24884F1DE2}.Release|Any CPU.ActiveCfg = Release|Any CPU
		{B748E4FE-DF81-4E9C-A5DC-EC24884F1DE2}.Release|Any CPU.Build.0 = Release|Any CPU
		{1BB3EF69-0CBB-4913-987B-0C2168A5CABF}.Debug|Any CPU.ActiveCfg = Debug|Any CPU
		{1BB3EF69-0CBB-4913-987B-0C2168A5CABF}.Debug|Any CPU.Build.0 = Debug|Any CPU
		{1BB3EF69-0CBB-4913-987B-0C2168A5CABF}.Release|Any CPU.ActiveCfg = Release|Any CPU
		{1BB3EF69-0CBB-4913-987B-0C2168A5CABF}.Release|Any CPU.Build.0 = Release|Any CPU
		{DFE703D1-396E-4ECD-AD83-A1706AFFBB2C}.Debug|Any CPU.ActiveCfg = Debug|Any CPU
		{DFE703D1-396E-4ECD-AD83-A1706AFFBB2C}.Debug|Any CPU.Build.0 = Debug|Any CPU
		{DFE703D1-396E-4ECD-AD83-A1706AFFBB2C}.Release|Any CPU.ActiveCfg = Release|Any CPU
		{DFE703D1-396E-4ECD-AD83-A1706AFFBB2C}.Release|Any CPU.Build.0 = Release|Any CPU
		{52D55B10-95E1-4ACC-8B83-89FE978DB04C}.Debug|Any CPU.ActiveCfg = Debug|Any CPU
		{52D55B10-95E1-4ACC-8B83-89FE978DB04C}.Debug|Any CPU.Build.0 = Debug|Any CPU
		{52D55B10-95E1-4ACC-8B83-89FE978DB04C}.Release|Any CPU.ActiveCfg = Release|Any CPU
		{52D55B10-95E1-4ACC-8B83-89FE978DB04C}.Release|Any CPU.Build.0 = Release|Any CPU
	EndGlobalSection
	GlobalSection(SolutionProperties) = preSolution
		HideSolutionNode = FALSE
	EndGlobalSection
	GlobalSection(ExtensibilityGlobals) = postSolution
		SolutionGuid = {F47CE8F6-67F8-47D4-AF72-D2CFD9762E24}
	EndGlobalSection
EndGlobal
